
Microsoft Visual Studio Solution File, Format Version 12.00
# Visual Studio Version 17
VisualStudioVersion = 17.13.35931.197 d17.13
MinimumVisualStudioVersion = 10.0.40219.1
Project("{FAE04EC0-301F-11D3-BF4B-00C04F79EFBC}") = "QLTraiTreMoCoi", "QLTraiTreMoCoi\QLTraiTreMoCoi.csproj", "{C7FBF0D1-D23F-4E52-BCB3-3443497D2439}"
EndProject
Global
	GlobalSection(SolutionConfigurationPlatforms) = preSolution
		Debug|Any CPU = Debug|Any CPU
		Release|Any CPU = Release|Any CPU
	EndGlobalSection
	GlobalSection(ProjectConfigurationPlatforms) = postSolution
		{C7FBF0D1-D23F-4E52-BCB3-3443497D2439}.Debug|Any CPU.ActiveCfg = Debug|Any CPU
		{C7FBF0D1-D23F-4E52-BCB3-3443497D2439}.Debug|Any CPU.Build.0 = Debug|Any CPU
		{C7FBF0D1-D23F-4E52-BCB3-3443497D2439}.Release|Any CPU.ActiveCfg = Release|Any CPU
		{C7FBF0D1-D23F-4E52-BCB3-3443497D2439}.Release|Any CPU.Build.0 = Release|Any CPU
	EndGlobalSection
	GlobalSection(SolutionProperties) = preSolution
		HideSolutionNode = FALSE
	EndGlobalSection
	GlobalSection(ExtensibilityGlobals) = postSolution
		SolutionGuid = {986DBA04-C21C-47EA-A3FE-D597A5046180}
	EndGlobalSection
EndGlobal
